<Solution>
  <Project Path="../../APIS/Finanzas/Finanzas/Finanzas.Domain/Finanzas.Domain.csproj" />
  <Project Path="../../APIS/Finanzas/Finanzas/Finanzas/Finanzas.csproj" />
  <Project Path="FinanazasAspire.AppHost/FinanazasAspire.AppHost.csproj" />
  <Project Path="FinanazasAspire.ServiceDefaults/FinanazasAspire.ServiceDefaults.csproj" />
  <Project Path="Finanzas.Client/finanzas.client.esproj">
    <Build />
    <Deploy />
  </Project>
</Solution>
